
Microsoft Visual Studio Solution File, Format Version 12.00
# Visual Studio 15
VisualStudioVersion = 15.0.27703.2035
MinimumVisualStudioVersion = 10.0.40219.1
Project("{FAE04EC0-301F-11D3-BF4B-00C04F79EFBC}") = "DaysOfWeekLINQ", "DaysOfWeekLINQ\DaysOfWeekLINQ.csproj", "{38F0C167-85BE-4425-9618-987A283D2813}"
EndProject
Global
	GlobalSection(SolutionConfigurationPlatforms) = preSolution
		Debug|Any CPU = Debug|Any CPU
		Release|Any CPU = Release|Any CPU
	EndGlobalSection
	GlobalSection(ProjectConfigurationPlatforms) = postSolution
		{38F0C167-85BE-4425-9618-987A283D2813}.Debug|Any CPU.ActiveCfg = Debug|Any CPU
		{38F0C167-85BE-4425-9618-987A283D2813}.Debug|Any CPU.Build.0 = Debug|Any CPU
		{38F0C167-85BE-4425-9618-987A283D2813}.Release|Any CPU.ActiveCfg = Release|Any CPU
		{38F0C167-85BE-4425-9618-987A283D2813}.Release|Any CPU.Build.0 = Release|Any CPU
	EndGlobalSection
	GlobalSection(SolutionProperties) = preSolution
		HideSolutionNode = FALSE
	EndGlobalSection
	GlobalSection(ExtensibilityGlobals) = postSolution
		SolutionGuid = {0E3D3B85-0077-40AB-9FFB-DF65762DE0DF}
	EndGlobalSection
EndGlobal
